
Microsoft Visual Studio Solution File, Format Version 12.00
Project("{F2A71F9B-5D33-465A-A702-920D77279786}") = "Launcher", "Launcher\Launcher.fsproj", "{6C843F83-E516-42FD-949E-F4B3BEC87391}"
EndProject
Project("{F2A71F9B-5D33-465A-A702-920D77279786}") = "Chip8", "Chip8\Chip8.fsproj", "{1989665C-DEF0-443D-AF23-0CD24D22E3BE}"
EndProject
Project("{F2A71F9B-5D33-465A-A702-920D77279786}") = "App", "..\Purple\hifable\src\App.fsproj", "{E863934D-14F7-4529-88D4-A825C085DBF6}"
EndProject
Project("{F2A71F9B-5D33-465A-A702-920D77279786}") = "Common", "Common\Common.fsproj", "{3A08BE78-5BEE-4E01-B27A-57E02E977C0E}"
EndProject
Project("{F2A71F9B-5D33-465A-A702-920D77279786}") = "Lib.Repl", "Lib.Repl\Lib.Repl.fsproj", "{3F65BF36-6805-41C2-A7A8-3E91ABE89EF2}"
EndProject
Project("{F2A71F9B-5D33-465A-A702-920D77279786}") = "Tests", "Tests\Tests.fsproj", "{12A082A1-C80C-4DE6-BF90-F542861D72BB}"
EndProject
Project("{FAE04EC0-301F-11D3-BF4B-00C04F79EFBC}") = "WebWindow", "..\WebWindow\src\WebWindow\WebWindow.csproj", "{516C8013-6508-4E25-A82F-E14394BCD5CF}"
EndProject
Project("{FAE04EC0-301F-11D3-BF4B-00C04F79EFBC}") = "WebWindow.Blazor", "..\WebWindow\src\WebWindow.Blazor\WebWindow.Blazor.csproj", "{B12BE041-8A2B-4A9C-89A5-9692EE26C14A}"
EndProject
Project("{FAE04EC0-301F-11D3-BF4B-00C04F79EFBC}") = "WebWindow.Blazor.JS", "..\WebWindow\src\WebWindow.Blazor.JS\WebWindow.Blazor.JS.csproj", "{B388E7F6-3B51-41FA-B995-7876C387AE55}"
EndProject
Project("{F2A71F9B-5D33-465A-A702-920D77279786}") = "Audio", "Audio\Audio.fsproj", "{AC63BC51-881D-4DDD-B017-EABAD18B5E8A}"
EndProject
Project("{FAE04EC0-301F-11D3-BF4B-00C04F79EFBC}") = "libsoundio-sharp", "libsoundio-sharp\libsoundio-sharp\libsoundio-sharp.csproj", "{70E99493-871E-473D-B156-E8CA4AD7244A}"
EndProject
Global
	GlobalSection(SolutionConfigurationPlatforms) = preSolution
		Debug|Any CPU = Debug|Any CPU
		Release|Any CPU = Release|Any CPU
	EndGlobalSection
	GlobalSection(ProjectConfigurationPlatforms) = postSolution
		{6C843F83-E516-42FD-949E-F4B3BEC87391}.Debug|Any CPU.ActiveCfg = Debug|Any CPU
		{6C843F83-E516-42FD-949E-F4B3BEC87391}.Debug|Any CPU.Build.0 = Debug|Any CPU
		{6C843F83-E516-42FD-949E-F4B3BEC87391}.Release|Any CPU.ActiveCfg = Release|Any CPU
		{6C843F83-E516-42FD-949E-F4B3BEC87391}.Release|Any CPU.Build.0 = Release|Any CPU
		{1989665C-DEF0-443D-AF23-0CD24D22E3BE}.Debug|Any CPU.ActiveCfg = Debug|Any CPU
		{1989665C-DEF0-443D-AF23-0CD24D22E3BE}.Debug|Any CPU.Build.0 = Debug|Any CPU
		{1989665C-DEF0-443D-AF23-0CD24D22E3BE}.Release|Any CPU.ActiveCfg = Release|Any CPU
		{1989665C-DEF0-443D-AF23-0CD24D22E3BE}.Release|Any CPU.Build.0 = Release|Any CPU
		{E863934D-14F7-4529-88D4-A825C085DBF6}.Debug|Any CPU.ActiveCfg = Debug|Any CPU
		{E863934D-14F7-4529-88D4-A825C085DBF6}.Debug|Any CPU.Build.0 = Debug|Any CPU
		{E863934D-14F7-4529-88D4-A825C085DBF6}.Release|Any CPU.ActiveCfg = Release|Any CPU
		{E863934D-14F7-4529-88D4-A825C085DBF6}.Release|Any CPU.Build.0 = Release|Any CPU
		{3A08BE78-5BEE-4E01-B27A-57E02E977C0E}.Debug|Any CPU.ActiveCfg = Debug|Any CPU
		{3A08BE78-5BEE-4E01-B27A-57E02E977C0E}.Debug|Any CPU.Build.0 = Debug|Any CPU
		{3A08BE78-5BEE-4E01-B27A-57E02E977C0E}.Release|Any CPU.ActiveCfg = Release|Any CPU
		{3A08BE78-5BEE-4E01-B27A-57E02E977C0E}.Release|Any CPU.Build.0 = Release|Any CPU
		{3F65BF36-6805-41C2-A7A8-3E91ABE89EF2}.Debug|Any CPU.ActiveCfg = Debug|Any CPU
		{3F65BF36-6805-41C2-A7A8-3E91ABE89EF2}.Debug|Any CPU.Build.0 = Debug|Any CPU
		{3F65BF36-6805-41C2-A7A8-3E91ABE89EF2}.Release|Any CPU.ActiveCfg = Release|Any CPU
		{3F65BF36-6805-41C2-A7A8-3E91ABE89EF2}.Release|Any CPU.Build.0 = Release|Any CPU
		{12A082A1-C80C-4DE6-BF90-F542861D72BB}.Debug|Any CPU.ActiveCfg = Debug|Any CPU
		{12A082A1-C80C-4DE6-BF90-F542861D72BB}.Debug|Any CPU.Build.0 = Debug|Any CPU
		{12A082A1-C80C-4DE6-BF90-F542861D72BB}.Release|Any CPU.ActiveCfg = Release|Any CPU
		{12A082A1-C80C-4DE6-BF90-F542861D72BB}.Release|Any CPU.Build.0 = Release|Any CPU
		{516C8013-6508-4E25-A82F-E14394BCD5CF}.Debug|Any CPU.ActiveCfg = Debug|Any CPU
		{516C8013-6508-4E25-A82F-E14394BCD5CF}.Debug|Any CPU.Build.0 = Debug|Any CPU
		{516C8013-6508-4E25-A82F-E14394BCD5CF}.Release|Any CPU.ActiveCfg = Release|Any CPU
		{516C8013-6508-4E25-A82F-E14394BCD5CF}.Release|Any CPU.Build.0 = Release|Any CPU
		{B12BE041-8A2B-4A9C-89A5-9692EE26C14A}.Debug|Any CPU.ActiveCfg = Debug|Any CPU
		{B12BE041-8A2B-4A9C-89A5-9692EE26C14A}.Debug|Any CPU.Build.0 = Debug|Any CPU
		{B12BE041-8A2B-4A9C-89A5-9692EE26C14A}.Release|Any CPU.ActiveCfg = Release|Any CPU
		{B12BE041-8A2B-4A9C-89A5-9692EE26C14A}.Release|Any CPU.Build.0 = Release|Any CPU
		{B388E7F6-3B51-41FA-B995-7876C387AE55}.Debug|Any CPU.ActiveCfg = Debug|Any CPU
		{B388E7F6-3B51-41FA-B995-7876C387AE55}.Debug|Any CPU.Build.0 = Debug|Any CPU
		{B388E7F6-3B51-41FA-B995-7876C387AE55}.Release|Any CPU.ActiveCfg = Release|Any CPU
		{B388E7F6-3B51-41FA-B995-7876C387AE55}.Release|Any CPU.Build.0 = Release|Any CPU
		{AC63BC51-881D-4DDD-B017-EABAD18B5E8A}.Debug|Any CPU.ActiveCfg = Debug|Any CPU
		{AC63BC51-881D-4DDD-B017-EABAD18B5E8A}.Debug|Any CPU.Build.0 = Debug|Any CPU
		{AC63BC51-881D-4DDD-B017-EABAD18B5E8A}.Release|Any CPU.ActiveCfg = Release|Any CPU
		{AC63BC51-881D-4DDD-B017-EABAD18B5E8A}.Release|Any CPU.Build.0 = Release|Any CPU
		{70E99493-871E-473D-B156-E8CA4AD7244A}.Debug|Any CPU.ActiveCfg = Debug|Any CPU
		{70E99493-871E-473D-B156-E8CA4AD7244A}.Debug|Any CPU.Build.0 = Debug|Any CPU
		{70E99493-871E-473D-B156-E8CA4AD7244A}.Release|Any CPU.ActiveCfg = Release|Any CPU
		{70E99493-871E-473D-B156-E8CA4AD7244A}.Release|Any CPU.Build.0 = Release|Any CPU
	EndGlobalSection
EndGlobal
